
Microsoft Visual Studio Solution File, Format Version 12.00
# Visual Studio Version 16
VisualStudioVersion = 16.0.31515.178
MinimumVisualStudioVersion = 10.0.40219.1
Project("{FAE04EC0-301F-11D3-BF4B-00C04F79EFBC}") = "DataDrivenProjectForMyntra", "DataDrivenProjectForMyntra\DataDrivenProjectForMyntra.csproj", "{D16AFF84-6CB6-44EA-AC0B-8B9C0A3ED911}"
EndProject
Global
	GlobalSection(SolutionConfigurationPlatforms) = preSolution
		Debug|Any CPU = Debug|Any CPU
		Release|Any CPU = Release|Any CPU
	EndGlobalSection
	GlobalSection(ProjectConfigurationPlatforms) = postSolution
		{D16AFF84-6CB6-44EA-AC0B-8B9C0A3ED911}.Debug|Any CPU.ActiveCfg = Debug|Any CPU
		{D16AFF84-6CB6-44EA-AC0B-8B9C0A3ED911}.Debug|Any CPU.Build.0 = Debug|Any CPU
		{D16AFF84-6CB6-44EA-AC0B-8B9C0A3ED911}.Release|Any CPU.ActiveCfg = Release|Any CPU
		{D16AFF84-6CB6-44EA-AC0B-8B9C0A3ED911}.Release|Any CPU.Build.0 = Release|Any CPU
	EndGlobalSection
	GlobalSection(SolutionProperties) = preSolution
		HideSolutionNode = FALSE
	EndGlobalSection
	GlobalSection(ExtensibilityGlobals) = postSolution
		SolutionGuid = {25FA9F36-7DCD-471C-A8C9-98488EB13077}
	EndGlobalSection
EndGlobal
